
Microsoft Visual Studio Solution File, Format Version 12.00
# Visual Studio Version 17
VisualStudioVersion = 17.7.34031.279
MinimumVisualStudioVersion = 10.0.40219.1
Project("{9A19103F-16F7-4668-BE54-9A1E7A4F7556}") = "TugasAsinkron1", "TugasAsinkron1.csproj", "{73635C1F-5F98-4BA6-A95E-669B86AC22B9}"
EndProject
Global
	GlobalSection(SolutionConfigurationPlatforms) = preSolution
		Debug|Any CPU = Debug|Any CPU
		Release|Any CPU = Release|Any CPU
	EndGlobalSection
	GlobalSection(ProjectConfigurationPlatforms) = postSolution
		{73635C1F-5F98-4BA6-A95E-669B86AC22B9}.Debug|Any CPU.ActiveCfg = Debug|Any CPU
		{73635C1F-5F98-4BA6-A95E-669B86AC22B9}.Debug|Any CPU.Build.0 = Debug|Any CPU
		{73635C1F-5F98-4BA6-A95E-669B86AC22B9}.Release|Any CPU.ActiveCfg = Release|Any CPU
		{73635C1F-5F98-4BA6-A95E-669B86AC22B9}.Release|Any CPU.Build.0 = Release|Any CPU
	EndGlobalSection
	GlobalSection(SolutionProperties) = preSolution
		HideSolutionNode = FALSE
	EndGlobalSection
	GlobalSection(ExtensibilityGlobals) = postSolution
		SolutionGuid = {D4048E12-6538-4FF1-AB58-49E6F6D5D379}
	EndGlobalSection
EndGlobal
